
Microsoft Visual Studio Solution File, Format Version 12.00
# Visual Studio 2012
Project("{FAE04EC0-301F-11D3-BF4B-00C04F79EFBC}") = "serialMidi", "serialMidi\serialMidi.csproj", "{AA82AE40-9FF8-446C-AB37-E1BA1232FEBC}"
EndProject
Global
	GlobalSection(SolutionConfigurationPlatforms) = preSolution
		Debug|Any CPU = Debug|Any CPU
		Release|Any CPU = Release|Any CPU
	EndGlobalSection
	GlobalSection(ProjectConfigurationPlatforms) = postSolution
		{AA82AE40-9FF8-446C-AB37-E1BA1232FEBC}.Debug|Any CPU.ActiveCfg = Debug|Any CPU
		{AA82AE40-9FF8-446C-AB37-E1BA1232FEBC}.Debug|Any CPU.Build.0 = Debug|Any CPU
		{AA82AE40-9FF8-446C-AB37-E1BA1232FEBC}.Release|Any CPU.ActiveCfg = Release|Any CPU
		{AA82AE40-9FF8-446C-AB37-E1BA1232FEBC}.Release|Any CPU.Build.0 = Release|Any CPU
	EndGlobalSection
	GlobalSection(SolutionProperties) = preSolution
		HideSolutionNode = FALSE
	EndGlobalSection
EndGlobal
